
Microsoft Visual Studio Solution File, Format Version 12.00
# Visual Studio 15
VisualStudioVersion = 15.0.28307.136
MinimumVisualStudioVersion = 10.0.40219.1
Project("{FAE04EC0-301F-11D3-BF4B-00C04F79EFBC}") = "Generic-Injection", "Generic-Injection\Generic-Injection.csproj", "{AC78143A-F53B-4709-B81D-83F3FBC47653}"
EndProject
Global
	GlobalSection(SolutionConfigurationPlatforms) = preSolution
		Debug|Any CPU = Debug|Any CPU
		Release|Any CPU = Release|Any CPU
	EndGlobalSection
	GlobalSection(ProjectConfigurationPlatforms) = postSolution
		{AC78143A-F53B-4709-B81D-83F3FBC47653}.Debug|Any CPU.ActiveCfg = Debug|Any CPU
		{AC78143A-F53B-4709-B81D-83F3FBC47653}.Debug|Any CPU.Build.0 = Debug|Any CPU
		{AC78143A-F53B-4709-B81D-83F3FBC47653}.Release|Any CPU.ActiveCfg = Release|Any CPU
		{AC78143A-F53B-4709-B81D-83F3FBC47653}.Release|Any CPU.Build.0 = Release|Any CPU
	EndGlobalSection
	GlobalSection(SolutionProperties) = preSolution
		HideSolutionNode = FALSE
	EndGlobalSection
	GlobalSection(ExtensibilityGlobals) = postSolution
		SolutionGuid = {F867E8CB-3548-4ECF-9757-CBFBE929631D}
	EndGlobalSection
EndGlobal
